
Microsoft Visual Studio Solution File, Format Version 12.00
# Visual Studio Version 17
VisualStudioVersion = 17.2.32616.157
MinimumVisualStudioVersion = 10.0.40219.1
Project("{FAE04EC0-301F-11D3-BF4B-00C04F79EFBC}") = "TwilightRandom", "TwilightRandom\TwilightRandom.csproj", "{4F2CB4F0-AB12-4834-ADF1-DA31CFD94129}"
EndProject
Global
	GlobalSection(SolutionConfigurationPlatforms) = preSolution
		Debug|Any CPU = Debug|Any CPU
		Release|Any CPU = Release|Any CPU
	EndGlobalSection
	GlobalSection(ProjectConfigurationPlatforms) = postSolution
		{4F2CB4F0-AB12-4834-ADF1-DA31CFD94129}.Debug|Any CPU.ActiveCfg = Debug|Any CPU
		{4F2CB4F0-AB12-4834-ADF1-DA31CFD94129}.Debug|Any CPU.Build.0 = Debug|Any CPU
		{4F2CB4F0-AB12-4834-ADF1-DA31CFD94129}.Release|Any CPU.ActiveCfg = Release|Any CPU
		{4F2CB4F0-AB12-4834-ADF1-DA31CFD94129}.Release|Any CPU.Build.0 = Release|Any CPU
	EndGlobalSection
	GlobalSection(SolutionProperties) = preSolution
		HideSolutionNode = FALSE
	EndGlobalSection
	GlobalSection(ExtensibilityGlobals) = postSolution
		SolutionGuid = {285396C5-A607-4684-ABDF-15EA1926A6A9}
	EndGlobalSection
EndGlobal
